
Microsoft Visual Studio Solution File, Format Version 12.00
# Visual Studio Version 16
VisualStudioVersion = 16.0.31313.79
MinimumVisualStudioVersion = 10.0.40219.1
Project("{FAE04EC0-301F-11D3-BF4B-00C04F79EFBC}") = "JewelThief", "JewelThief\JewelThief.csproj", "{478B0A97-BAB9-4C3B-AA34-95A5508D65AD}"
EndProject
Global
	GlobalSection(SolutionConfigurationPlatforms) = preSolution
		Debug|Any CPU = Debug|Any CPU
		Release|Any CPU = Release|Any CPU
	EndGlobalSection
	GlobalSection(ProjectConfigurationPlatforms) = postSolution
		{478B0A97-BAB9-4C3B-AA34-95A5508D65AD}.Debug|Any CPU.ActiveCfg = Debug|Any CPU
		{478B0A97-BAB9-4C3B-AA34-95A5508D65AD}.Debug|Any CPU.Build.0 = Debug|Any CPU
		{478B0A97-BAB9-4C3B-AA34-95A5508D65AD}.Release|Any CPU.ActiveCfg = Release|Any CPU
		{478B0A97-BAB9-4C3B-AA34-95A5508D65AD}.Release|Any CPU.Build.0 = Release|Any CPU
	EndGlobalSection
	GlobalSection(SolutionProperties) = preSolution
		HideSolutionNode = FALSE
	EndGlobalSection
	GlobalSection(ExtensibilityGlobals) = postSolution
		SolutionGuid = {1EF6B04E-DDF0-4223-B2B9-B4F8D9629F7A}
	EndGlobalSection
EndGlobal
